
Microsoft Visual Studio Solution File, Format Version 12.00
# Visual Studio Version 16
VisualStudioVersion = 16.0.32228.343
MinimumVisualStudioVersion = 10.0.40219.1
Project("{9A19103F-16F7-4668-BE54-9A1E7A4F7556}") = "AssemblyCSharp", "AssemblyCSharp\AssemblyCSharp.csproj", "{2F2455C8-B87B-4902-AB63-92153DF7FEB1}"
EndProject
Global
	GlobalSection(SolutionConfigurationPlatforms) = preSolution
		Debug|Any CPU = Debug|Any CPU
		Release|Any CPU = Release|Any CPU
	EndGlobalSection
	GlobalSection(ProjectConfigurationPlatforms) = postSolution
		{2F2455C8-B87B-4902-AB63-92153DF7FEB1}.Debug|Any CPU.ActiveCfg = Debug|Any CPU
		{2F2455C8-B87B-4902-AB63-92153DF7FEB1}.Debug|Any CPU.Build.0 = Debug|Any CPU
		{2F2455C8-B87B-4902-AB63-92153DF7FEB1}.Release|Any CPU.ActiveCfg = Release|Any CPU
		{2F2455C8-B87B-4902-AB63-92153DF7FEB1}.Release|Any CPU.Build.0 = Release|Any CPU
	EndGlobalSection
	GlobalSection(SolutionProperties) = preSolution
		HideSolutionNode = FALSE
	EndGlobalSection
	GlobalSection(ExtensibilityGlobals) = postSolution
		SolutionGuid = {36CA3E78-6908-46EC-8B76-EE8ECAF1F149}
	EndGlobalSection
EndGlobal
